{
  "name": "appointment",
  "version": "1.0.0",
  "lockfileVersion": 1,
  "requires": true,
  "dependencies": {
    "prettier": {
      "version": "1.12.1",
      "resolved": "http://registry.npm.taobao.org/prettier/download/prettier-1.12.1.tgz",
      "integrity": "sha1-wa0g6APndJ+vkFpAnSNn4Gu+cyU="
    },
    "vue-qr": {
      "version": "2.2.1",
      "resolved": "https://registry.npm.taobao.org/vue-qr/download/vue-qr-2.2.1.tgz",
      "integrity": "sha1-14ROddUiPvKrGSUjz4uxKdO4JIk="
    }
  }
}
